
Microsoft Visual Studio Solution File, Format Version 12.00
# Visual Studio Version 17
VisualStudioVersion = 17.4.32804.182
MinimumVisualStudioVersion = 10.0.40219.1
Project("{9A19103F-16F7-4668-BE54-9A1E7A4F7556}") = "FATEAutoSync", "FATEAutoSync\FATEAutoSync.csproj", "{517A4352-7F10-48B9-B332-BB592157E377}"
EndProject
Project("{9A19103F-16F7-4668-BE54-9A1E7A4F7556}") = "AutoLogin", "AutoLogin\AutoLogin.csproj", "{9F4036DD-25AC-4580-9010-35D997799302}"
EndProject
Project("{9A19103F-16F7-4668-BE54-9A1E7A4F7556}") = "AJC", "AJC\AJC.csproj", "{A4BB3CD2-98DE-4E7B-849B-C992844C1A7A}"
EndProject
Project("{9A19103F-16F7-4668-BE54-9A1E7A4F7556}") = "FoodCheck", "FoodCheck\FoodCheck.csproj", "{AED67E0F-8C9E-4DF8-959A-D5A083A8A99C}"
EndProject
Project("{9A19103F-16F7-4668-BE54-9A1E7A4F7556}") = "LootMaster", "LootMaster\LootMaster.csproj", "{A3542514-DE9C-4AA3-B824-584F27C84AA9}"
EndProject
Project("{9A19103F-16F7-4668-BE54-9A1E7A4F7556}") = "PotatoFamine2", "PotatoFamine2\PotatoFamine2.csproj", "{4A540051-5AB7-4893-A555-572B9FD80C5B}"
EndProject
Project("{9A19103F-16F7-4668-BE54-9A1E7A4F7556}") = "TwitchXIV", "TwitchXIV\TwitchXIV.csproj", "{20B29378-F1D7-4A8A-9480-37DE50718666}"
EndProject
Global
	GlobalSection(SolutionConfigurationPlatforms) = preSolution
		Debug|Any CPU = Debug|Any CPU
		Debug|x64 = Debug|x64
		Release|Any CPU = Release|Any CPU
		Release|x64 = Release|x64
	EndGlobalSection
	GlobalSection(ProjectConfigurationPlatforms) = postSolution
		{517A4352-7F10-48B9-B332-BB592157E377}.Debug|Any CPU.ActiveCfg = Debug|x64
		{517A4352-7F10-48B9-B332-BB592157E377}.Debug|Any CPU.Build.0 = Debug|x64
		{517A4352-7F10-48B9-B332-BB592157E377}.Debug|x64.ActiveCfg = Debug|x64
		{517A4352-7F10-48B9-B332-BB592157E377}.Debug|x64.Build.0 = Debug|x64
		{517A4352-7F10-48B9-B332-BB592157E377}.Release|Any CPU.ActiveCfg = Release|x64
		{517A4352-7F10-48B9-B332-BB592157E377}.Release|Any CPU.Build.0 = Release|x64
		{517A4352-7F10-48B9-B332-BB592157E377}.Release|x64.ActiveCfg = Release|x64
		{517A4352-7F10-48B9-B332-BB592157E377}.Release|x64.Build.0 = Release|x64
		{9F4036DD-25AC-4580-9010-35D997799302}.Debug|Any CPU.ActiveCfg = Debug|x64
		{9F4036DD-25AC-4580-9010-35D997799302}.Debug|Any CPU.Build.0 = Debug|x64
		{9F4036DD-25AC-4580-9010-35D997799302}.Debug|x64.ActiveCfg = Debug|x64
		{9F4036DD-25AC-4580-9010-35D997799302}.Debug|x64.Build.0 = Debug|x64
		{9F4036DD-25AC-4580-9010-35D997799302}.Release|Any CPU.ActiveCfg = Release|x64
		{9F4036DD-25AC-4580-9010-35D997799302}.Release|Any CPU.Build.0 = Release|x64
		{9F4036DD-25AC-4580-9010-35D997799302}.Release|x64.ActiveCfg = Release|x64
		{9F4036DD-25AC-4580-9010-35D997799302}.Release|x64.Build.0 = Release|x64
		{A4BB3CD2-98DE-4E7B-849B-C992844C1A7A}.Debug|Any CPU.ActiveCfg = Debug|x64
		{A4BB3CD2-98DE-4E7B-849B-C992844C1A7A}.Debug|Any CPU.Build.0 = Debug|x64
		{A4BB3CD2-98DE-4E7B-849B-C992844C1A7A}.Debug|x64.ActiveCfg = Debug|x64
		{A4BB3CD2-98DE-4E7B-849B-C992844C1A7A}.Debug|x64.Build.0 = Debug|x64
		{A4BB3CD2-98DE-4E7B-849B-C992844C1A7A}.Release|Any CPU.ActiveCfg = Release|Any CPU
		{A4BB3CD2-98DE-4E7B-849B-C992844C1A7A}.Release|Any CPU.Build.0 = Release|Any CPU
		{A4BB3CD2-98DE-4E7B-849B-C992844C1A7A}.Release|x64.ActiveCfg = Release|Any CPU
		{A4BB3CD2-98DE-4E7B-849B-C992844C1A7A}.Release|x64.Build.0 = Release|Any CPU
		{AED67E0F-8C9E-4DF8-959A-D5A083A8A99C}.Debug|Any CPU.ActiveCfg = Debug|x64
		{AED67E0F-8C9E-4DF8-959A-D5A083A8A99C}.Debug|Any CPU.Build.0 = Debug|x64
		{AED67E0F-8C9E-4DF8-959A-D5A083A8A99C}.Debug|x64.ActiveCfg = Debug|x64
		{AED67E0F-8C9E-4DF8-959A-D5A083A8A99C}.Debug|x64.Build.0 = Debug|x64
		{AED67E0F-8C9E-4DF8-959A-D5A083A8A99C}.Release|Any CPU.ActiveCfg = Release|Any CPU
		{AED67E0F-8C9E-4DF8-959A-D5A083A8A99C}.Release|Any CPU.Build.0 = Release|Any CPU
		{AED67E0F-8C9E-4DF8-959A-D5A083A8A99C}.Release|x64.ActiveCfg = Release|Any CPU
		{AED67E0F-8C9E-4DF8-959A-D5A083A8A99C}.Release|x64.Build.0 = Release|Any CPU
		{A3542514-DE9C-4AA3-B824-584F27C84AA9}.Debug|Any CPU.ActiveCfg = Debug|x64
		{A3542514-DE9C-4AA3-B824-584F27C84AA9}.Debug|Any CPU.Build.0 = Debug|x64
		{A3542514-DE9C-4AA3-B824-584F27C84AA9}.Debug|x64.ActiveCfg = Debug|x64
		{A3542514-DE9C-4AA3-B824-584F27C84AA9}.Debug|x64.Build.0 = Debug|x64
		{A3542514-DE9C-4AA3-B824-584F27C84AA9}.Release|Any CPU.ActiveCfg = Release|x64
		{A3542514-DE9C-4AA3-B824-584F27C84AA9}.Release|Any CPU.Build.0 = Release|x64
		{A3542514-DE9C-4AA3-B824-584F27C84AA9}.Release|x64.ActiveCfg = Release|x64
		{A3542514-DE9C-4AA3-B824-584F27C84AA9}.Release|x64.Build.0 = Release|x64
		{4A540051-5AB7-4893-A555-572B9FD80C5B}.Debug|Any CPU.ActiveCfg = Debug|x64
		{4A540051-5AB7-4893-A555-572B9FD80C5B}.Debug|Any CPU.Build.0 = Debug|x64
		{4A540051-5AB7-4893-A555-572B9FD80C5B}.Debug|x64.ActiveCfg = Debug|x64
		{4A540051-5AB7-4893-A555-572B9FD80C5B}.Debug|x64.Build.0 = Debug|x64
		{4A540051-5AB7-4893-A555-572B9FD80C5B}.Release|Any CPU.ActiveCfg = Release|x64
		{4A540051-5AB7-4893-A555-572B9FD80C5B}.Release|Any CPU.Build.0 = Release|x64
		{4A540051-5AB7-4893-A555-572B9FD80C5B}.Release|x64.ActiveCfg = Release|x64
		{4A540051-5AB7-4893-A555-572B9FD80C5B}.Release|x64.Build.0 = Release|x64
		{20B29378-F1D7-4A8A-9480-37DE50718666}.Debug|Any CPU.ActiveCfg = Debug|x64
		{20B29378-F1D7-4A8A-9480-37DE50718666}.Debug|Any CPU.Build.0 = Debug|x64
		{20B29378-F1D7-4A8A-9480-37DE50718666}.Debug|x64.ActiveCfg = Debug|x64
		{20B29378-F1D7-4A8A-9480-37DE50718666}.Debug|x64.Build.0 = Debug|x64
		{20B29378-F1D7-4A8A-9480-37DE50718666}.Release|Any CPU.ActiveCfg = Release|x64
		{20B29378-F1D7-4A8A-9480-37DE50718666}.Release|Any CPU.Build.0 = Release|x64
		{20B29378-F1D7-4A8A-9480-37DE50718666}.Release|x64.ActiveCfg = Release|x64
		{20B29378-F1D7-4A8A-9480-37DE50718666}.Release|x64.Build.0 = Release|x64
	EndGlobalSection
	GlobalSection(SolutionProperties) = preSolution
		HideSolutionNode = FALSE
	EndGlobalSection
	GlobalSection(ExtensibilityGlobals) = postSolution
		SolutionGuid = {737C58B1-7FE2-4A03-8D02-B0E137667789}
	EndGlobalSection
EndGlobal
