
Microsoft Visual Studio Solution File, Format Version 12.00
# Visual Studio Version 17
VisualStudioVersion = 17.4.32804.182
MinimumVisualStudioVersion = 10.0.40219.1
Project("{9A19103F-16F7-4668-BE54-9A1E7A4F7556}") = "FATEAutoSync", "FATEAutoSync\FATEAutoSync.csproj", "{517A4352-7F10-48B9-B332-BB592157E377}"
EndProject
Project("{9A19103F-16F7-4668-BE54-9A1E7A4F7556}") = "AutoLogin", "AutoLogin\AutoLogin.csproj", "{9F4036DD-25AC-4580-9010-35D997799302}"
EndProject
Project("{9A19103F-16F7-4668-BE54-9A1E7A4F7556}") = "AJC", "AJC\AJC.csproj", "{A4BB3CD2-98DE-4E7B-849B-C992844C1A7A}"
EndProject
Project("{9A19103F-16F7-4668-BE54-9A1E7A4F7556}") = "FoodCheck", "FoodCheck\FoodCheck.csproj", "{AED67E0F-8C9E-4DF8-959A-D5A083A8A99C}"
EndProject
Project("{9A19103F-16F7-4668-BE54-9A1E7A4F7556}") = "TextFormatter", "TextFormatter\TextFormatter.csproj", "{D437CDA6-FEE0-4E34-AC23-131476ABB96B}"
EndProject
Project("{9A19103F-16F7-4668-BE54-9A1E7A4F7556}") = "MacroChainRedux", "MacroChainRedux\MacroChainRedux.csproj", "{94CCDFD7-A260-4D19-9D83-F63984913F46}"
EndProject
Project("{9A19103F-16F7-4668-BE54-9A1E7A4F7556}") = "PotatoFamine2", "PotatoFamine2\PotatoFamine2.csproj", "{ADBEC527-6378-49C5-A7FD-1ABEDBB7A130}"
EndProject
Project("{9A19103F-16F7-4668-BE54-9A1E7A4F7556}") = "LootMaster", "Deprecated\LootMaster\LootMaster.csproj", "{833A8118-5D33-43BF-9D4B-778F93B795DE}"
EndProject
Global
	GlobalSection(SolutionConfigurationPlatforms) = preSolution
		Debug|Any CPU = Debug|Any CPU
		Debug|x64 = Debug|x64
		Release|Any CPU = Release|Any CPU
		Release|x64 = Release|x64
	EndGlobalSection
	GlobalSection(ProjectConfigurationPlatforms) = postSolution
		{517A4352-7F10-48B9-B332-BB592157E377}.Debug|Any CPU.ActiveCfg = Debug|x64
		{517A4352-7F10-48B9-B332-BB592157E377}.Debug|Any CPU.Build.0 = Debug|x64
		{517A4352-7F10-48B9-B332-BB592157E377}.Debug|x64.ActiveCfg = Debug|x64
		{517A4352-7F10-48B9-B332-BB592157E377}.Debug|x64.Build.0 = Debug|x64
		{517A4352-7F10-48B9-B332-BB592157E377}.Release|Any CPU.ActiveCfg = Release|x64
		{517A4352-7F10-48B9-B332-BB592157E377}.Release|Any CPU.Build.0 = Release|x64
		{517A4352-7F10-48B9-B332-BB592157E377}.Release|x64.ActiveCfg = Release|x64
		{517A4352-7F10-48B9-B332-BB592157E377}.Release|x64.Build.0 = Release|x64
		{9F4036DD-25AC-4580-9010-35D997799302}.Debug|Any CPU.ActiveCfg = Debug|x64
		{9F4036DD-25AC-4580-9010-35D997799302}.Debug|Any CPU.Build.0 = Debug|x64
		{9F4036DD-25AC-4580-9010-35D997799302}.Debug|x64.ActiveCfg = Debug|x64
		{9F4036DD-25AC-4580-9010-35D997799302}.Debug|x64.Build.0 = Debug|x64
		{9F4036DD-25AC-4580-9010-35D997799302}.Release|Any CPU.ActiveCfg = Release|x64
		{9F4036DD-25AC-4580-9010-35D997799302}.Release|Any CPU.Build.0 = Release|x64
		{9F4036DD-25AC-4580-9010-35D997799302}.Release|x64.ActiveCfg = Release|x64
		{9F4036DD-25AC-4580-9010-35D997799302}.Release|x64.Build.0 = Release|x64
		{A4BB3CD2-98DE-4E7B-849B-C992844C1A7A}.Debug|Any CPU.ActiveCfg = Debug|x64
		{A4BB3CD2-98DE-4E7B-849B-C992844C1A7A}.Debug|Any CPU.Build.0 = Debug|x64
		{A4BB3CD2-98DE-4E7B-849B-C992844C1A7A}.Debug|x64.ActiveCfg = Debug|x64
		{A4BB3CD2-98DE-4E7B-849B-C992844C1A7A}.Debug|x64.Build.0 = Debug|x64
		{A4BB3CD2-98DE-4E7B-849B-C992844C1A7A}.Release|Any CPU.ActiveCfg = Release|Any CPU
		{A4BB3CD2-98DE-4E7B-849B-C992844C1A7A}.Release|Any CPU.Build.0 = Release|Any CPU
		{A4BB3CD2-98DE-4E7B-849B-C992844C1A7A}.Release|x64.ActiveCfg = Release|Any CPU
		{A4BB3CD2-98DE-4E7B-849B-C992844C1A7A}.Release|x64.Build.0 = Release|Any CPU
		{AED67E0F-8C9E-4DF8-959A-D5A083A8A99C}.Debug|Any CPU.ActiveCfg = Debug|x64
		{AED67E0F-8C9E-4DF8-959A-D5A083A8A99C}.Debug|Any CPU.Build.0 = Debug|x64
		{AED67E0F-8C9E-4DF8-959A-D5A083A8A99C}.Debug|x64.ActiveCfg = Debug|x64
		{AED67E0F-8C9E-4DF8-959A-D5A083A8A99C}.Debug|x64.Build.0 = Debug|x64
		{AED67E0F-8C9E-4DF8-959A-D5A083A8A99C}.Release|Any CPU.ActiveCfg = Release|Any CPU
		{AED67E0F-8C9E-4DF8-959A-D5A083A8A99C}.Release|Any CPU.Build.0 = Release|Any CPU
		{AED67E0F-8C9E-4DF8-959A-D5A083A8A99C}.Release|x64.ActiveCfg = Release|Any CPU
		{AED67E0F-8C9E-4DF8-959A-D5A083A8A99C}.Release|x64.Build.0 = Release|Any CPU
		{D437CDA6-FEE0-4E34-AC23-131476ABB96B}.Debug|Any CPU.ActiveCfg = Debug|x64
		{D437CDA6-FEE0-4E34-AC23-131476ABB96B}.Debug|Any CPU.Build.0 = Debug|x64
		{D437CDA6-FEE0-4E34-AC23-131476ABB96B}.Debug|x64.ActiveCfg = Debug|x64
		{D437CDA6-FEE0-4E34-AC23-131476ABB96B}.Debug|x64.Build.0 = Debug|x64
		{D437CDA6-FEE0-4E34-AC23-131476ABB96B}.Release|Any CPU.ActiveCfg = Release|x64
		{D437CDA6-FEE0-4E34-AC23-131476ABB96B}.Release|Any CPU.Build.0 = Release|x64
		{D437CDA6-FEE0-4E34-AC23-131476ABB96B}.Release|x64.ActiveCfg = Release|x64
		{D437CDA6-FEE0-4E34-AC23-131476ABB96B}.Release|x64.Build.0 = Release|x64
		{94CCDFD7-A260-4D19-9D83-F63984913F46}.Debug|Any CPU.ActiveCfg = Debug|x64
		{94CCDFD7-A260-4D19-9D83-F63984913F46}.Debug|Any CPU.Build.0 = Debug|x64
		{94CCDFD7-A260-4D19-9D83-F63984913F46}.Debug|x64.ActiveCfg = Debug|x64
		{94CCDFD7-A260-4D19-9D83-F63984913F46}.Debug|x64.Build.0 = Debug|x64
		{94CCDFD7-A260-4D19-9D83-F63984913F46}.Release|Any CPU.ActiveCfg = Release|x64
		{94CCDFD7-A260-4D19-9D83-F63984913F46}.Release|Any CPU.Build.0 = Release|x64
		{94CCDFD7-A260-4D19-9D83-F63984913F46}.Release|x64.ActiveCfg = Release|x64
		{94CCDFD7-A260-4D19-9D83-F63984913F46}.Release|x64.Build.0 = Release|x64
		{ADBEC527-6378-49C5-A7FD-1ABEDBB7A130}.Debug|Any CPU.ActiveCfg = Debug|x64
		{ADBEC527-6378-49C5-A7FD-1ABEDBB7A130}.Debug|Any CPU.Build.0 = Debug|x64
		{ADBEC527-6378-49C5-A7FD-1ABEDBB7A130}.Debug|x64.ActiveCfg = Debug|x64
		{ADBEC527-6378-49C5-A7FD-1ABEDBB7A130}.Debug|x64.Build.0 = Debug|x64
		{ADBEC527-6378-49C5-A7FD-1ABEDBB7A130}.Release|Any CPU.ActiveCfg = Release|x64
		{ADBEC527-6378-49C5-A7FD-1ABEDBB7A130}.Release|Any CPU.Build.0 = Release|x64
		{ADBEC527-6378-49C5-A7FD-1ABEDBB7A130}.Release|x64.ActiveCfg = Release|x64
		{ADBEC527-6378-49C5-A7FD-1ABEDBB7A130}.Release|x64.Build.0 = Release|x64
		{833A8118-5D33-43BF-9D4B-778F93B795DE}.Debug|Any CPU.ActiveCfg = Debug|x64
		{833A8118-5D33-43BF-9D4B-778F93B795DE}.Debug|Any CPU.Build.0 = Debug|x64
		{833A8118-5D33-43BF-9D4B-778F93B795DE}.Debug|x64.ActiveCfg = Debug|x64
		{833A8118-5D33-43BF-9D4B-778F93B795DE}.Debug|x64.Build.0 = Debug|x64
		{833A8118-5D33-43BF-9D4B-778F93B795DE}.Release|Any CPU.ActiveCfg = Release|x64
		{833A8118-5D33-43BF-9D4B-778F93B795DE}.Release|Any CPU.Build.0 = Release|x64
		{833A8118-5D33-43BF-9D4B-778F93B795DE}.Release|x64.ActiveCfg = Release|x64
		{833A8118-5D33-43BF-9D4B-778F93B795DE}.Release|x64.Build.0 = Release|x64
	EndGlobalSection
	GlobalSection(SolutionProperties) = preSolution
		HideSolutionNode = FALSE
	EndGlobalSection
	GlobalSection(ExtensibilityGlobals) = postSolution
		SolutionGuid = {737C58B1-7FE2-4A03-8D02-B0E137667789}
	EndGlobalSection
EndGlobal
