
Microsoft Visual Studio Solution File, Format Version 12.00
# Visual Studio Version 17
VisualStudioVersion = 17.5.33326.253
MinimumVisualStudioVersion = 10.0.40219.1
Project("{9A19103F-16F7-4668-BE54-9A1E7A4F7556}") = "AutoPillion", "AutoPillion.csproj", "{0BE405F4-8664-43CB-9947-5AB043567BAE}"
EndProject
Global
	GlobalSection(SolutionConfigurationPlatforms) = preSolution
		Debug|x64 = Debug|x64
		Release|x64 = Release|x64
	EndGlobalSection
	GlobalSection(ProjectConfigurationPlatforms) = postSolution
		{0BE405F4-8664-43CB-9947-5AB043567BAE}.Debug|x64.ActiveCfg = Debug|x64
		{0BE405F4-8664-43CB-9947-5AB043567BAE}.Debug|x64.Build.0 = Debug|x64
		{0BE405F4-8664-43CB-9947-5AB043567BAE}.Release|x64.ActiveCfg = Release|x64
		{0BE405F4-8664-43CB-9947-5AB043567BAE}.Release|x64.Build.0 = Release|x64
	EndGlobalSection
	GlobalSection(SolutionProperties) = preSolution
		HideSolutionNode = FALSE
	EndGlobalSection
	GlobalSection(ExtensibilityGlobals) = postSolution
		SolutionGuid = {B3F83B6F-0CC9-4C77-BF80-8C7C63BE3459}
	EndGlobalSection
EndGlobal
